{
    "_meta": {
        "hash": {
            "sha256": "a5914e8104486610760af221875fa1a658091556f604c712279151a92a469c30"
        },
        "pipfile-spec": 6,
        "requires": {
            "python_version": "3.8"
        },
        "sources": [
            {
                "name": "pypi",
                "url": "https://pypi.org/simple",
                "verify_ssl": true
            }
        ]
    },
    "default": {},
    "develop": {}
}
